
Microsoft Visual Studio Solution File, Format Version 12.00
# Visual Studio 14
VisualStudioVersion = 14.0.22609.0
MinimumVisualStudioVersion = 10.0.40219.1
Project("{FAE04EC0-301F-11D3-BF4B-00C04F79EFBC}") = "Database", "Database\Database.csproj", "{3F1EECC0-3B45-4A62-8101-0FDCC7293D29}"
EndProject
Project("{FAE04EC0-301F-11D3-BF4B-00C04F79EFBC}") = "Common", "Common\Common.csproj", "{6BC9BEB5-51AB-49B8-A46C-CA9CA59B2976}"
EndProject
Project("{FAE04EC0-301F-11D3-BF4B-00C04F79EFBC}") = "UI.Common", "UI.Common\UI.Common.csproj", "{DFB572DF-6412-460F-BA17-9C3FEDF6FD12}"
EndProject
Project("{FAE04EC0-301F-11D3-BF4B-00C04F79EFBC}") = "UI.WinForms", "UI.WinForms\UI.WinForms.csproj", "{23B4C880-5F87-4E9D-B310-6DC25EA170B5}"
	ProjectSection(ProjectDependencies) = postProject
		{77EF6D1D-F45B-48B4-8FDD-CA004C4A12F4} = {77EF6D1D-F45B-48B4-8FDD-CA004C4A12F4}
	EndProjectSection
EndProject
Project("{FAE04EC0-301F-11D3-BF4B-00C04F79EFBC}") = "UI.WPF", "UI.WPF\UI.WPF.csproj", "{A927DC6B-87B0-412A-BEC0-FAA03F4F3F28}"
EndProject
Project("{2150E333-8FDC-42A3-9474-1A3956D46DE8}") = "UI", "UI", "{8DCE130E-B8BF-4940-A504-B29D1501ADE4}"
EndProject
Project("{2150E333-8FDC-42A3-9474-1A3956D46DE8}") = "Model", "Model", "{B5169681-0A1A-47CE-8103-32A5702B5BF4}"
EndProject
Project("{FAE04EC0-301F-11D3-BF4B-00C04F79EFBC}") = "Terminal", "Terminal\Terminal.csproj", "{2582CE2F-BFCC-4574-BA19-A4E1E222C1C5}"
EndProject
Project("{2150E333-8FDC-42A3-9474-1A3956D46DE8}") = "Services", "Services", "{5D398377-B7DE-42F5-B377-9AE418580E56}"
EndProject
Project("{FAE04EC0-301F-11D3-BF4B-00C04F79EFBC}") = "Notification", "Notification\Notification.csproj", "{D5E41ABD-B624-44DD-BC00-3431E7A10070}"
EndProject
Project("{FAE04EC0-301F-11D3-BF4B-00C04F79EFBC}") = "Operator", "Operator\Operator.csproj", "{0A11098E-2CC9-487C-B895-B5F9C667785F}"
EndProject
Project("{FAE04EC0-301F-11D3-BF4B-00C04F79EFBC}") = "Sounds", "Sounds\Sounds.csproj", "{B53D03CE-D741-40AC-8845-AB81D41CC1A6}"
EndProject
Project("{FAE04EC0-301F-11D3-BF4B-00C04F79EFBC}") = "Administrator", "Administrator\Administrator.csproj", "{D494CA01-E544-4515-B412-5FBFB6AD0197}"
EndProject
Project("{FAE04EC0-301F-11D3-BF4B-00C04F79EFBC}") = "Portal", "Portal\Portal.csproj", "{DDA91225-DBCC-46B3-872E-3F57F34D3221}"
EndProject
Project("{FAE04EC0-301F-11D3-BF4B-00C04F79EFBC}") = "UnitTest", "UnitTest\UnitTest.csproj", "{3F0ECE25-BF22-4A86-8609-C28F79EE37C1}"
EndProject
Project("{FAE04EC0-301F-11D3-BF4B-00C04F79EFBC}") = "Media", "Media\Media.csproj", "{5D7910B5-0A9C-47A8-83A9-B26F91A0C759}"
EndProject
Project("{FAE04EC0-301F-11D3-BF4B-00C04F79EFBC}") = "Hub", "Hub\Hub.csproj", "{6E97E930-A4D0-445E-BD05-610DA38A96D6}"
EndProject
Project("{FAE04EC0-301F-11D3-BF4B-00C04F79EFBC}") = "Display", "Display\Display.csproj", "{7E252DF7-2A8A-4C6A-A188-EF09B2B2D28F}"
EndProject
Project("{FAE04EC0-301F-11D3-BF4B-00C04F79EFBC}") = "Simulator", "Simulator\Simulator.csproj", "{0240DAC9-3AB5-4850-B70A-4CE180EE1D9C}"
EndProject
Project("{FAE04EC0-301F-11D3-BF4B-00C04F79EFBC}") = "Metric", "Metric\Metric.csproj", "{69A7B667-9881-4606-8B87-3DAE36059177}"
EndProject
Project("{2150E333-8FDC-42A3-9474-1A3956D46DE8}") = ".nuget", ".nuget", "{235CED15-D42B-40F2-A905-2AD7E08319E4}"
	ProjectSection(SolutionItems) = preProject
		.nuget\NuGet.Config = .nuget\NuGet.Config
		.nuget\NuGet.exe = .nuget\NuGet.exe
		.nuget\NuGet.targets = .nuget\NuGet.targets
	EndProjectSection
EndProject
Project("{FAE04EC0-301F-11D3-BF4B-00C04F79EFBC}") = "Model", "Model\Model.csproj", "{AD492499-461F-4117-A495-302089AD7B87}"
EndProject
Project("{FAE04EC0-301F-11D3-BF4B-00C04F79EFBC}") = "Services.Server", "Services.Server\Services.Server.csproj", "{7092D42D-17D1-432C-950C-FF848FA149A7}"
EndProject
Project("{FAE04EC0-301F-11D3-BF4B-00C04F79EFBC}") = "Services.Contracts", "Services.Contracts\Services.Contracts.csproj", "{77EF6D1D-F45B-48B4-8FDD-CA004C4A12F4}"
EndProject
Project("{FAE04EC0-301F-11D3-BF4B-00C04F79EFBC}") = "Services.Portal", "Services.Portal\Services.Portal.csproj", "{93DE3A0B-F34F-45DF-8A0D-EAA198C34662}"
EndProject
Project("{FAE04EC0-301F-11D3-BF4B-00C04F79EFBC}") = "Services.Media", "Services.Media\Services.Media.csproj", "{DE07C975-94AF-497E-9BF8-E92116FECAA2}"
EndProject
Project("{2150E333-8FDC-42A3-9474-1A3956D46DE8}") = "Tests", "Tests", "{1D370001-385F-4908-AF13-A98082764118}"
EndProject
Project("{FAE04EC0-301F-11D3-BF4B-00C04F79EFBC}") = "Services.Server.Tests", "Services.Server.Tests\Services.Server.Tests.csproj", "{55E3B7EE-D63A-4DFF-92F7-4A937D139E04}"
EndProject
Project("{FAE04EC0-301F-11D3-BF4B-00C04F79EFBC}") = "Resources", "Resources\Resources.csproj", "{90C422A9-C537-42A7-B4A8-2490E4D20D3A}"
EndProject
Project("{FAE04EC0-301F-11D3-BF4B-00C04F79EFBC}") = "Server", "Server\Server.csproj", "{8EF18975-59B4-4084-9127-7ADFD12129A3}"
EndProject
Project("{FAE04EC0-301F-11D3-BF4B-00C04F79EFBC}") = "Hosts.Server.WinForms", "Hosts.Server.WinForms\Hosts.Server.WinForms.csproj", "{77C9CC5E-AF26-411D-9413-0BF7E827EBA9}"
EndProject
Project("{FAE04EC0-301F-11D3-BF4B-00C04F79EFBC}") = "Reports", "Reports\Reports.csproj", "{88611229-1F7D-4C6A-88B8-43805B287B8C}"
EndProject
Project("{2150E333-8FDC-42A3-9474-1A3956D46DE8}") = "Hosts", "Hosts", "{FDE55A47-7E08-41A2-A05E-86048F913703}"
EndProject
Project("{FAE04EC0-301F-11D3-BF4B-00C04F79EFBC}") = "Hosts.Server.WinService", "Hosts.Server.WinService\Hosts.Server.WinService.csproj", "{43363F0D-C89A-4EDF-8644-BC5B798A22FC}"
EndProject
Project("{2150E333-8FDC-42A3-9474-1A3956D46DE8}") = "Installers", "Installers", "{0DADF4F9-BC60-44C0-9DBE-01695940B394}"
EndProject
Project("{930C7802-8A8C-48F9-8165-68863BCCD9DD}") = "Installer.Server", "Installer.Server\Installer.Server.wixproj", "{08303449-9F05-40AF-8E03-3E61FE585EBA}"
EndProject
Project("{FAE04EC0-301F-11D3-BF4B-00C04F79EFBC}") = "Hosts.Portal.WinForms", "Hosts.Portal.WinForms\Hosts.Portal.WinForms.csproj", "{E7FB7092-EF47-4CB6-BAB1-1F36326FE06A}"
EndProject
Project("{FAE04EC0-301F-11D3-BF4B-00C04F79EFBC}") = "Hosts.Portal.WinService", "Hosts.Portal.WinService\Hosts.Portal.WinService.csproj", "{C6A4DF4F-9F73-4BF3-98B7-07BB385DAA1A}"
EndProject
Project("{FAE04EC0-301F-11D3-BF4B-00C04F79EFBC}") = "Hosts.Common", "Hosts.Common\Hosts.Common.csproj", "{923639FF-DBB2-411F-9611-A295B2C71B54}"
EndProject
Project("{930C7802-8A8C-48F9-8165-68863BCCD9DD}") = "Installer.Portal", "Installer.Portal\Installer.Portal.wixproj", "{34CCCA63-770B-4369-879A-79BECCB2A312}"
EndProject
Project("{930C7802-8A8C-48F9-8165-68863BCCD9DD}") = "Installer.Common", "Installer.Common\Installer.Common.wixproj", "{28D996A4-24EB-4314-AE9C-27452FA87D26}"
EndProject
Project("{FAE04EC0-301F-11D3-BF4B-00C04F79EFBC}") = "Hosts.Media.WinForms", "Hosts.Media.WinForms\Hosts.Media.WinForms.csproj", "{2F06E543-DC6D-4A88-92E9-D44D2853F65E}"
EndProject
Project("{FAE04EC0-301F-11D3-BF4B-00C04F79EFBC}") = "Hosts.Media.WinService", "Hosts.Media.WinService\Hosts.Media.WinService.csproj", "{8704FCFB-0913-4669-A82C-EC68D8A3BE03}"
EndProject
Project("{930C7802-8A8C-48F9-8165-68863BCCD9DD}") = "Installer.Media", "Installer.Media\Installer.Media.wixproj", "{E4D17481-1DD0-4C3E-B51B-64C8B47A3521}"
EndProject
Project("{FAE04EC0-301F-11D3-BF4B-00C04F79EFBC}") = "Hosts.Metric.WinForms", "Hosts.Metric.WinForms\Hosts.Metric.WinForms.csproj", "{400DC1EB-BCFF-4601-AAAB-0C1764A46788}"
EndProject
Project("{FAE04EC0-301F-11D3-BF4B-00C04F79EFBC}") = "Hosts.Metric.WinService", "Hosts.Metric.WinService\Hosts.Metric.WinService.csproj", "{DE59333B-55FE-4FD1-A279-1C00E832E02E}"
EndProject
Project("{930C7802-8A8C-48F9-8165-68863BCCD9DD}") = "Installer.Metric", "Installer.Metric\Installer.Metric.wixproj", "{99189341-83BC-42ED-99A1-AA2E3071CDF4}"
EndProject
Project("{FAE04EC0-301F-11D3-BF4B-00C04F79EFBC}") = "Services.DTO", "Services.DTO\Services.DTO.csproj", "{2C2D256D-2353-409A-A0BD-BCC147E18694}"
EndProject
Project("{FAE04EC0-301F-11D3-BF4B-00C04F79EFBC}") = "Services.Common", "Services.Common\Services.Common.csproj", "{03915831-23B5-462A-A144-49662864AE34}"
EndProject
Project("{FAE04EC0-301F-11D3-BF4B-00C04F79EFBC}") = "Model.Common", "Model.Common\Model.Common.csproj", "{57DDD930-5377-4427-92F1-D46B7463C5B6}"
EndProject
Project("{FAE04EC0-301F-11D3-BF4B-00C04F79EFBC}") = "UI.WPF.Tests", "UI.WPF.Tests\UI.WPF.Tests.csproj", "{B6148420-3A2B-4113-8568-60E4D50A0DB7}"
EndProject
Project("{930C7802-8A8C-48F9-8165-68863BCCD9DD}") = "Installer.Operator", "Installer.Operator\Installer.Operator.wixproj", "{EF38EEF8-02A4-4E7B-AC4C-09294F4AE5FA}"
EndProject
Project("{930C7802-8A8C-48F9-8165-68863BCCD9DD}") = "Installer.Display", "Installer.Display\Installer.Display.wixproj", "{EFC598CF-8B28-45A5-86C8-8F10C2DAC341}"
EndProject
Project("{930C7802-8A8C-48F9-8165-68863BCCD9DD}") = "Installer.Notification", "Installer.Notification\Installer.Notification.wixproj", "{F4F9152E-4299-470A-8744-F890EE7D777C}"
EndProject
Project("{930C7802-8A8C-48F9-8165-68863BCCD9DD}") = "Installer.Terminal", "Installer.Terminal\Installer.Terminal.wixproj", "{7AA8F774-5DD5-4DD4-99FA-9411C5705EE9}"
EndProject
Project("{930C7802-8A8C-48F9-8165-68863BCCD9DD}") = "Installer.Administrator", "Installer.Administrator\Installer.Administrator.wixproj", "{5CF226DF-73D4-4173-BD09-3EC4732579F9}"
EndProject
Project("{930C7802-8A8C-48F9-8165-68863BCCD9DD}") = "Installer.Database", "Installer.Database\Installer.Database.wixproj", "{472866E7-BE86-45D2-8503-3A1D1F475782}"
EndProject
Project("{930C7802-8A8C-48F9-8165-68863BCCD9DD}") = "Installer.Simulator", "Installer.Simulator\Installer.Simulator.wixproj", "{0A07F807-26DC-4057-81B1-0878C1672054}"
EndProject
Global
	GlobalSection(SolutionConfigurationPlatforms) = preSolution
		Debug|Any CPU = Debug|Any CPU
		Debug|Mixed Platforms = Debug|Mixed Platforms
		Debug|x86 = Debug|x86
		Release|Any CPU = Release|Any CPU
		Release|Mixed Platforms = Release|Mixed Platforms
		Release|x86 = Release|x86
	EndGlobalSection
	GlobalSection(ProjectConfigurationPlatforms) = postSolution
		{3F1EECC0-3B45-4A62-8101-0FDCC7293D29}.Debug|Any CPU.ActiveCfg = Debug|Any CPU
		{3F1EECC0-3B45-4A62-8101-0FDCC7293D29}.Debug|Any CPU.Build.0 = Debug|Any CPU
		{3F1EECC0-3B45-4A62-8101-0FDCC7293D29}.Debug|Mixed Platforms.ActiveCfg = Debug|Any CPU
		{3F1EECC0-3B45-4A62-8101-0FDCC7293D29}.Debug|Mixed Platforms.Build.0 = Debug|Any CPU
		{3F1EECC0-3B45-4A62-8101-0FDCC7293D29}.Debug|x86.ActiveCfg = Debug|Any CPU
		{3F1EECC0-3B45-4A62-8101-0FDCC7293D29}.Debug|x86.Build.0 = Debug|Any CPU
		{3F1EECC0-3B45-4A62-8101-0FDCC7293D29}.Release|Any CPU.ActiveCfg = Release|Any CPU
		{3F1EECC0-3B45-4A62-8101-0FDCC7293D29}.Release|Any CPU.Build.0 = Release|Any CPU
		{3F1EECC0-3B45-4A62-8101-0FDCC7293D29}.Release|Mixed Platforms.ActiveCfg = Release|Any CPU
		{3F1EECC0-3B45-4A62-8101-0FDCC7293D29}.Release|Mixed Platforms.Build.0 = Release|Any CPU
		{3F1EECC0-3B45-4A62-8101-0FDCC7293D29}.Release|x86.ActiveCfg = Release|Any CPU
		{3F1EECC0-3B45-4A62-8101-0FDCC7293D29}.Release|x86.Build.0 = Release|Any CPU
		{6BC9BEB5-51AB-49B8-A46C-CA9CA59B2976}.Debug|Any CPU.ActiveCfg = Debug|Any CPU
		{6BC9BEB5-51AB-49B8-A46C-CA9CA59B2976}.Debug|Any CPU.Build.0 = Debug|Any CPU
		{6BC9BEB5-51AB-49B8-A46C-CA9CA59B2976}.Debug|Mixed Platforms.ActiveCfg = Debug|Any CPU
		{6BC9BEB5-51AB-49B8-A46C-CA9CA59B2976}.Debug|Mixed Platforms.Build.0 = Debug|Any CPU
		{6BC9BEB5-51AB-49B8-A46C-CA9CA59B2976}.Debug|x86.ActiveCfg = Debug|Any CPU
		{6BC9BEB5-51AB-49B8-A46C-CA9CA59B2976}.Debug|x86.Build.0 = Debug|Any CPU
		{6BC9BEB5-51AB-49B8-A46C-CA9CA59B2976}.Release|Any CPU.ActiveCfg = Release|Any CPU
		{6BC9BEB5-51AB-49B8-A46C-CA9CA59B2976}.Release|Any CPU.Build.0 = Release|Any CPU
		{6BC9BEB5-51AB-49B8-A46C-CA9CA59B2976}.Release|Mixed Platforms.ActiveCfg = Release|Any CPU
		{6BC9BEB5-51AB-49B8-A46C-CA9CA59B2976}.Release|Mixed Platforms.Build.0 = Release|Any CPU
		{6BC9BEB5-51AB-49B8-A46C-CA9CA59B2976}.Release|x86.ActiveCfg = Release|Any CPU
		{6BC9BEB5-51AB-49B8-A46C-CA9CA59B2976}.Release|x86.Build.0 = Release|Any CPU
		{DFB572DF-6412-460F-BA17-9C3FEDF6FD12}.Debug|Any CPU.ActiveCfg = Debug|Any CPU
		{DFB572DF-6412-460F-BA17-9C3FEDF6FD12}.Debug|Any CPU.Build.0 = Debug|Any CPU
		{DFB572DF-6412-460F-BA17-9C3FEDF6FD12}.Debug|Mixed Platforms.ActiveCfg = Debug|Any CPU
		{DFB572DF-6412-460F-BA17-9C3FEDF6FD12}.Debug|Mixed Platforms.Build.0 = Debug|Any CPU
		{DFB572DF-6412-460F-BA17-9C3FEDF6FD12}.Debug|x86.ActiveCfg = Debug|Any CPU
		{DFB572DF-6412-460F-BA17-9C3FEDF6FD12}.Debug|x86.Build.0 = Debug|Any CPU
		{DFB572DF-6412-460F-BA17-9C3FEDF6FD12}.Release|Any CPU.ActiveCfg = Release|Any CPU
		{DFB572DF-6412-460F-BA17-9C3FEDF6FD12}.Release|Any CPU.Build.0 = Release|Any CPU
		{DFB572DF-6412-460F-BA17-9C3FEDF6FD12}.Release|Mixed Platforms.ActiveCfg = Release|Any CPU
		{DFB572DF-6412-460F-BA17-9C3FEDF6FD12}.Release|Mixed Platforms.Build.0 = Release|Any CPU
		{DFB572DF-6412-460F-BA17-9C3FEDF6FD12}.Release|x86.ActiveCfg = Release|Any CPU
		{DFB572DF-6412-460F-BA17-9C3FEDF6FD12}.Release|x86.Build.0 = Release|Any CPU
		{23B4C880-5F87-4E9D-B310-6DC25EA170B5}.Debug|Any CPU.ActiveCfg = Debug|Any CPU
		{23B4C880-5F87-4E9D-B310-6DC25EA170B5}.Debug|Any CPU.Build.0 = Debug|Any CPU
		{23B4C880-5F87-4E9D-B310-6DC25EA170B5}.Debug|Mixed Platforms.ActiveCfg = Debug|Any CPU
		{23B4C880-5F87-4E9D-B310-6DC25EA170B5}.Debug|Mixed Platforms.Build.0 = Debug|Any CPU
		{23B4C880-5F87-4E9D-B310-6DC25EA170B5}.Debug|x86.ActiveCfg = Debug|Any CPU
		{23B4C880-5F87-4E9D-B310-6DC25EA170B5}.Debug|x86.Build.0 = Debug|Any CPU
		{23B4C880-5F87-4E9D-B310-6DC25EA170B5}.Release|Any CPU.ActiveCfg = Release|Any CPU
		{23B4C880-5F87-4E9D-B310-6DC25EA170B5}.Release|Any CPU.Build.0 = Release|Any CPU
		{23B4C880-5F87-4E9D-B310-6DC25EA170B5}.Release|Mixed Platforms.ActiveCfg = Release|Any CPU
		{23B4C880-5F87-4E9D-B310-6DC25EA170B5}.Release|Mixed Platforms.Build.0 = Release|Any CPU
		{23B4C880-5F87-4E9D-B310-6DC25EA170B5}.Release|x86.ActiveCfg = Release|Any CPU
		{23B4C880-5F87-4E9D-B310-6DC25EA170B5}.Release|x86.Build.0 = Release|Any CPU
		{A927DC6B-87B0-412A-BEC0-FAA03F4F3F28}.Debug|Any CPU.ActiveCfg = Debug|Any CPU
		{A927DC6B-87B0-412A-BEC0-FAA03F4F3F28}.Debug|Any CPU.Build.0 = Debug|Any CPU
		{A927DC6B-87B0-412A-BEC0-FAA03F4F3F28}.Debug|Mixed Platforms.ActiveCfg = Debug|Any CPU
		{A927DC6B-87B0-412A-BEC0-FAA03F4F3F28}.Debug|Mixed Platforms.Build.0 = Debug|Any CPU
		{A927DC6B-87B0-412A-BEC0-FAA03F4F3F28}.Debug|x86.ActiveCfg = Debug|Any CPU
		{A927DC6B-87B0-412A-BEC0-FAA03F4F3F28}.Debug|x86.Build.0 = Debug|Any CPU
		{A927DC6B-87B0-412A-BEC0-FAA03F4F3F28}.Release|Any CPU.ActiveCfg = Release|Any CPU
		{A927DC6B-87B0-412A-BEC0-FAA03F4F3F28}.Release|Any CPU.Build.0 = Release|Any CPU
		{A927DC6B-87B0-412A-BEC0-FAA03F4F3F28}.Release|Mixed Platforms.ActiveCfg = Release|Any CPU
		{A927DC6B-87B0-412A-BEC0-FAA03F4F3F28}.Release|Mixed Platforms.Build.0 = Release|Any CPU
		{A927DC6B-87B0-412A-BEC0-FAA03F4F3F28}.Release|x86.ActiveCfg = Release|Any CPU
		{A927DC6B-87B0-412A-BEC0-FAA03F4F3F28}.Release|x86.Build.0 = Release|Any CPU
		{2582CE2F-BFCC-4574-BA19-A4E1E222C1C5}.Debug|Any CPU.ActiveCfg = Debug|Any CPU
		{2582CE2F-BFCC-4574-BA19-A4E1E222C1C5}.Debug|Any CPU.Build.0 = Debug|Any CPU
		{2582CE2F-BFCC-4574-BA19-A4E1E222C1C5}.Debug|Mixed Platforms.ActiveCfg = Debug|Any CPU
		{2582CE2F-BFCC-4574-BA19-A4E1E222C1C5}.Debug|Mixed Platforms.Build.0 = Debug|Any CPU
		{2582CE2F-BFCC-4574-BA19-A4E1E222C1C5}.Debug|x86.ActiveCfg = Debug|Any CPU
		{2582CE2F-BFCC-4574-BA19-A4E1E222C1C5}.Debug|x86.Build.0 = Debug|Any CPU
		{2582CE2F-BFCC-4574-BA19-A4E1E222C1C5}.Release|Any CPU.ActiveCfg = Release|Any CPU
		{2582CE2F-BFCC-4574-BA19-A4E1E222C1C5}.Release|Any CPU.Build.0 = Release|Any CPU
		{2582CE2F-BFCC-4574-BA19-A4E1E222C1C5}.Release|Mixed Platforms.ActiveCfg = Release|Any CPU
		{2582CE2F-BFCC-4574-BA19-A4E1E222C1C5}.Release|Mixed Platforms.Build.0 = Release|Any CPU
		{2582CE2F-BFCC-4574-BA19-A4E1E222C1C5}.Release|x86.ActiveCfg = Release|Any CPU
		{2582CE2F-BFCC-4574-BA19-A4E1E222C1C5}.Release|x86.Build.0 = Release|Any CPU
		{D5E41ABD-B624-44DD-BC00-3431E7A10070}.Debug|Any CPU.ActiveCfg = Debug|Any CPU
		{D5E41ABD-B624-44DD-BC00-3431E7A10070}.Debug|Any CPU.Build.0 = Debug|Any CPU
		{D5E41ABD-B624-44DD-BC00-3431E7A10070}.Debug|Mixed Platforms.ActiveCfg = Debug|Any CPU
		{D5E41ABD-B624-44DD-BC00-3431E7A10070}.Debug|Mixed Platforms.Build.0 = Debug|Any CPU
		{D5E41ABD-B624-44DD-BC00-3431E7A10070}.Debug|x86.ActiveCfg = Debug|Any CPU
		{D5E41ABD-B624-44DD-BC00-3431E7A10070}.Debug|x86.Build.0 = Debug|Any CPU
		{D5E41ABD-B624-44DD-BC00-3431E7A10070}.Release|Any CPU.ActiveCfg = Release|Any CPU
		{D5E41ABD-B624-44DD-BC00-3431E7A10070}.Release|Any CPU.Build.0 = Release|Any CPU
		{D5E41ABD-B624-44DD-BC00-3431E7A10070}.Release|Mixed Platforms.ActiveCfg = Release|Any CPU
		{D5E41ABD-B624-44DD-BC00-3431E7A10070}.Release|Mixed Platforms.Build.0 = Release|Any CPU
		{D5E41ABD-B624-44DD-BC00-3431E7A10070}.Release|x86.ActiveCfg = Release|Any CPU
		{D5E41ABD-B624-44DD-BC00-3431E7A10070}.Release|x86.Build.0 = Release|Any CPU
		{0A11098E-2CC9-487C-B895-B5F9C667785F}.Debug|Any CPU.ActiveCfg = Debug|Any CPU
		{0A11098E-2CC9-487C-B895-B5F9C667785F}.Debug|Any CPU.Build.0 = Debug|Any CPU
		{0A11098E-2CC9-487C-B895-B5F9C667785F}.Debug|Mixed Platforms.ActiveCfg = Debug|Any CPU
		{0A11098E-2CC9-487C-B895-B5F9C667785F}.Debug|Mixed Platforms.Build.0 = Debug|Any CPU
		{0A11098E-2CC9-487C-B895-B5F9C667785F}.Debug|x86.ActiveCfg = Debug|Any CPU
		{0A11098E-2CC9-487C-B895-B5F9C667785F}.Debug|x86.Build.0 = Debug|Any CPU
		{0A11098E-2CC9-487C-B895-B5F9C667785F}.Release|Any CPU.ActiveCfg = Release|Any CPU
		{0A11098E-2CC9-487C-B895-B5F9C667785F}.Release|Any CPU.Build.0 = Release|Any CPU
		{0A11098E-2CC9-487C-B895-B5F9C667785F}.Release|Mixed Platforms.ActiveCfg = Release|Any CPU
		{0A11098E-2CC9-487C-B895-B5F9C667785F}.Release|Mixed Platforms.Build.0 = Release|Any CPU
		{0A11098E-2CC9-487C-B895-B5F9C667785F}.Release|x86.ActiveCfg = Release|Any CPU
		{0A11098E-2CC9-487C-B895-B5F9C667785F}.Release|x86.Build.0 = Release|Any CPU
		{B53D03CE-D741-40AC-8845-AB81D41CC1A6}.Debug|Any CPU.ActiveCfg = Debug|Any CPU
		{B53D03CE-D741-40AC-8845-AB81D41CC1A6}.Debug|Any CPU.Build.0 = Debug|Any CPU
		{B53D03CE-D741-40AC-8845-AB81D41CC1A6}.Debug|Mixed Platforms.ActiveCfg = Debug|Any CPU
		{B53D03CE-D741-40AC-8845-AB81D41CC1A6}.Debug|Mixed Platforms.Build.0 = Debug|Any CPU
		{B53D03CE-D741-40AC-8845-AB81D41CC1A6}.Debug|x86.ActiveCfg = Debug|Any CPU
		{B53D03CE-D741-40AC-8845-AB81D41CC1A6}.Debug|x86.Build.0 = Debug|Any CPU
		{B53D03CE-D741-40AC-8845-AB81D41CC1A6}.Release|Any CPU.ActiveCfg = Release|Any CPU
		{B53D03CE-D741-40AC-8845-AB81D41CC1A6}.Release|Any CPU.Build.0 = Release|Any CPU
		{B53D03CE-D741-40AC-8845-AB81D41CC1A6}.Release|Mixed Platforms.ActiveCfg = Release|Any CPU
		{B53D03CE-D741-40AC-8845-AB81D41CC1A6}.Release|Mixed Platforms.Build.0 = Release|Any CPU
		{B53D03CE-D741-40AC-8845-AB81D41CC1A6}.Release|x86.ActiveCfg = Release|Any CPU
		{B53D03CE-D741-40AC-8845-AB81D41CC1A6}.Release|x86.Build.0 = Release|Any CPU
		{D494CA01-E544-4515-B412-5FBFB6AD0197}.Debug|Any CPU.ActiveCfg = Debug|Any CPU
		{D494CA01-E544-4515-B412-5FBFB6AD0197}.Debug|Any CPU.Build.0 = Debug|Any CPU
		{D494CA01-E544-4515-B412-5FBFB6AD0197}.Debug|Mixed Platforms.ActiveCfg = Debug|Any CPU
		{D494CA01-E544-4515-B412-5FBFB6AD0197}.Debug|Mixed Platforms.Build.0 = Debug|Any CPU
		{D494CA01-E544-4515-B412-5FBFB6AD0197}.Debug|x86.ActiveCfg = Debug|Any CPU
		{D494CA01-E544-4515-B412-5FBFB6AD0197}.Debug|x86.Build.0 = Debug|Any CPU
		{D494CA01-E544-4515-B412-5FBFB6AD0197}.Release|Any CPU.ActiveCfg = Release|Any CPU
		{D494CA01-E544-4515-B412-5FBFB6AD0197}.Release|Any CPU.Build.0 = Release|Any CPU
		{D494CA01-E544-4515-B412-5FBFB6AD0197}.Release|Mixed Platforms.ActiveCfg = Release|Any CPU
		{D494CA01-E544-4515-B412-5FBFB6AD0197}.Release|Mixed Platforms.Build.0 = Release|Any CPU
		{D494CA01-E544-4515-B412-5FBFB6AD0197}.Release|x86.ActiveCfg = Release|Any CPU
		{D494CA01-E544-4515-B412-5FBFB6AD0197}.Release|x86.Build.0 = Release|Any CPU
		{DDA91225-DBCC-46B3-872E-3F57F34D3221}.Debug|Any CPU.ActiveCfg = Debug|Any CPU
		{DDA91225-DBCC-46B3-872E-3F57F34D3221}.Debug|Any CPU.Build.0 = Debug|Any CPU
		{DDA91225-DBCC-46B3-872E-3F57F34D3221}.Debug|Mixed Platforms.ActiveCfg = Debug|Any CPU
		{DDA91225-DBCC-46B3-872E-3F57F34D3221}.Debug|Mixed Platforms.Build.0 = Debug|Any CPU
		{DDA91225-DBCC-46B3-872E-3F57F34D3221}.Debug|x86.ActiveCfg = Debug|Any CPU
		{DDA91225-DBCC-46B3-872E-3F57F34D3221}.Debug|x86.Build.0 = Debug|Any CPU
		{DDA91225-DBCC-46B3-872E-3F57F34D3221}.Release|Any CPU.ActiveCfg = Release|Any CPU
		{DDA91225-DBCC-46B3-872E-3F57F34D3221}.Release|Any CPU.Build.0 = Release|Any CPU
		{DDA91225-DBCC-46B3-872E-3F57F34D3221}.Release|Mixed Platforms.ActiveCfg = Release|Any CPU
		{DDA91225-DBCC-46B3-872E-3F57F34D3221}.Release|Mixed Platforms.Build.0 = Release|Any CPU
		{DDA91225-DBCC-46B3-872E-3F57F34D3221}.Release|x86.ActiveCfg = Release|Any CPU
		{DDA91225-DBCC-46B3-872E-3F57F34D3221}.Release|x86.Build.0 = Release|Any CPU
		{3F0ECE25-BF22-4A86-8609-C28F79EE37C1}.Debug|Any CPU.ActiveCfg = Debug|Any CPU
		{3F0ECE25-BF22-4A86-8609-C28F79EE37C1}.Debug|Any CPU.Build.0 = Debug|Any CPU
		{3F0ECE25-BF22-4A86-8609-C28F79EE37C1}.Debug|Mixed Platforms.ActiveCfg = Debug|Any CPU
		{3F0ECE25-BF22-4A86-8609-C28F79EE37C1}.Debug|Mixed Platforms.Build.0 = Debug|Any CPU
		{3F0ECE25-BF22-4A86-8609-C28F79EE37C1}.Debug|x86.ActiveCfg = Debug|Any CPU
		{3F0ECE25-BF22-4A86-8609-C28F79EE37C1}.Release|Any CPU.ActiveCfg = Release|Any CPU
		{3F0ECE25-BF22-4A86-8609-C28F79EE37C1}.Release|Any CPU.Build.0 = Release|Any CPU
		{3F0ECE25-BF22-4A86-8609-C28F79EE37C1}.Release|Mixed Platforms.ActiveCfg = Release|Any CPU
		{3F0ECE25-BF22-4A86-8609-C28F79EE37C1}.Release|Mixed Platforms.Build.0 = Release|Any CPU
		{3F0ECE25-BF22-4A86-8609-C28F79EE37C1}.Release|x86.ActiveCfg = Release|Any CPU
		{3F0ECE25-BF22-4A86-8609-C28F79EE37C1}.Release|x86.Build.0 = Release|Any CPU
		{5D7910B5-0A9C-47A8-83A9-B26F91A0C759}.Debug|Any CPU.ActiveCfg = Debug|Any CPU
		{5D7910B5-0A9C-47A8-83A9-B26F91A0C759}.Debug|Any CPU.Build.0 = Debug|Any CPU
		{5D7910B5-0A9C-47A8-83A9-B26F91A0C759}.Debug|Mixed Platforms.ActiveCfg = Debug|Any CPU
		{5D7910B5-0A9C-47A8-83A9-B26F91A0C759}.Debug|Mixed Platforms.Build.0 = Debug|Any CPU
		{5D7910B5-0A9C-47A8-83A9-B26F91A0C759}.Debug|x86.ActiveCfg = Debug|Any CPU
		{5D7910B5-0A9C-47A8-83A9-B26F91A0C759}.Debug|x86.Build.0 = Debug|Any CPU
		{5D7910B5-0A9C-47A8-83A9-B26F91A0C759}.Release|Any CPU.ActiveCfg = Release|Any CPU
		{5D7910B5-0A9C-47A8-83A9-B26F91A0C759}.Release|Any CPU.Build.0 = Release|Any CPU
		{5D7910B5-0A9C-47A8-83A9-B26F91A0C759}.Release|Mixed Platforms.ActiveCfg = Release|Any CPU
		{5D7910B5-0A9C-47A8-83A9-B26F91A0C759}.Release|Mixed Platforms.Build.0 = Release|Any CPU
		{5D7910B5-0A9C-47A8-83A9-B26F91A0C759}.Release|x86.ActiveCfg = Release|Any CPU
		{5D7910B5-0A9C-47A8-83A9-B26F91A0C759}.Release|x86.Build.0 = Release|Any CPU
		{6E97E930-A4D0-445E-BD05-610DA38A96D6}.Debug|Any CPU.ActiveCfg = Debug|Any CPU
		{6E97E930-A4D0-445E-BD05-610DA38A96D6}.Debug|Any CPU.Build.0 = Debug|Any CPU
		{6E97E930-A4D0-445E-BD05-610DA38A96D6}.Debug|Mixed Platforms.ActiveCfg = Debug|Any CPU
		{6E97E930-A4D0-445E-BD05-610DA38A96D6}.Debug|Mixed Platforms.Build.0 = Debug|Any CPU
		{6E97E930-A4D0-445E-BD05-610DA38A96D6}.Debug|x86.ActiveCfg = Debug|Any CPU
		{6E97E930-A4D0-445E-BD05-610DA38A96D6}.Debug|x86.Build.0 = Debug|Any CPU
		{6E97E930-A4D0-445E-BD05-610DA38A96D6}.Release|Any CPU.ActiveCfg = Release|Any CPU
		{6E97E930-A4D0-445E-BD05-610DA38A96D6}.Release|Any CPU.Build.0 = Release|Any CPU
		{6E97E930-A4D0-445E-BD05-610DA38A96D6}.Release|Mixed Platforms.ActiveCfg = Release|Any CPU
		{6E97E930-A4D0-445E-BD05-610DA38A96D6}.Release|Mixed Platforms.Build.0 = Release|Any CPU
		{6E97E930-A4D0-445E-BD05-610DA38A96D6}.Release|x86.ActiveCfg = Release|Any CPU
		{6E97E930-A4D0-445E-BD05-610DA38A96D6}.Release|x86.Build.0 = Release|Any CPU
		{7E252DF7-2A8A-4C6A-A188-EF09B2B2D28F}.Debug|Any CPU.ActiveCfg = Debug|Any CPU
		{7E252DF7-2A8A-4C6A-A188-EF09B2B2D28F}.Debug|Any CPU.Build.0 = Debug|Any CPU
		{7E252DF7-2A8A-4C6A-A188-EF09B2B2D28F}.Debug|Mixed Platforms.ActiveCfg = Debug|Any CPU
		{7E252DF7-2A8A-4C6A-A188-EF09B2B2D28F}.Debug|Mixed Platforms.Build.0 = Debug|Any CPU
		{7E252DF7-2A8A-4C6A-A188-EF09B2B2D28F}.Debug|x86.ActiveCfg = Debug|Any CPU
		{7E252DF7-2A8A-4C6A-A188-EF09B2B2D28F}.Debug|x86.Build.0 = Debug|Any CPU
		{7E252DF7-2A8A-4C6A-A188-EF09B2B2D28F}.Release|Any CPU.ActiveCfg = Release|Any CPU
		{7E252DF7-2A8A-4C6A-A188-EF09B2B2D28F}.Release|Any CPU.Build.0 = Release|Any CPU
		{7E252DF7-2A8A-4C6A-A188-EF09B2B2D28F}.Release|Mixed Platforms.ActiveCfg = Release|Any CPU
		{7E252DF7-2A8A-4C6A-A188-EF09B2B2D28F}.Release|Mixed Platforms.Build.0 = Release|Any CPU
		{7E252DF7-2A8A-4C6A-A188-EF09B2B2D28F}.Release|x86.ActiveCfg = Release|Any CPU
		{7E252DF7-2A8A-4C6A-A188-EF09B2B2D28F}.Release|x86.Build.0 = Release|Any CPU
		{0240DAC9-3AB5-4850-B70A-4CE180EE1D9C}.Debug|Any CPU.ActiveCfg = Debug|Any CPU
		{0240DAC9-3AB5-4850-B70A-4CE180EE1D9C}.Debug|Any CPU.Build.0 = Debug|Any CPU
		{0240DAC9-3AB5-4850-B70A-4CE180EE1D9C}.Debug|Mixed Platforms.ActiveCfg = Debug|Any CPU
		{0240DAC9-3AB5-4850-B70A-4CE180EE1D9C}.Debug|Mixed Platforms.Build.0 = Debug|Any CPU
		{0240DAC9-3AB5-4850-B70A-4CE180EE1D9C}.Debug|x86.ActiveCfg = Debug|Any CPU
		{0240DAC9-3AB5-4850-B70A-4CE180EE1D9C}.Release|Any CPU.ActiveCfg = Release|Any CPU
		{0240DAC9-3AB5-4850-B70A-4CE180EE1D9C}.Release|Any CPU.Build.0 = Release|Any CPU
		{0240DAC9-3AB5-4850-B70A-4CE180EE1D9C}.Release|Mixed Platforms.ActiveCfg = Release|Any CPU
		{0240DAC9-3AB5-4850-B70A-4CE180EE1D9C}.Release|Mixed Platforms.Build.0 = Release|Any CPU
		{0240DAC9-3AB5-4850-B70A-4CE180EE1D9C}.Release|x86.ActiveCfg = Release|Any CPU
		{0240DAC9-3AB5-4850-B70A-4CE180EE1D9C}.Release|x86.Build.0 = Release|Any CPU
		{69A7B667-9881-4606-8B87-3DAE36059177}.Debug|Any CPU.ActiveCfg = Debug|Any CPU
		{69A7B667-9881-4606-8B87-3DAE36059177}.Debug|Any CPU.Build.0 = Debug|Any CPU
		{69A7B667-9881-4606-8B87-3DAE36059177}.Debug|Mixed Platforms.ActiveCfg = Debug|Any CPU
		{69A7B667-9881-4606-8B87-3DAE36059177}.Debug|Mixed Platforms.Build.0 = Debug|Any CPU
		{69A7B667-9881-4606-8B87-3DAE36059177}.Debug|x86.ActiveCfg = Debug|Any CPU
		{69A7B667-9881-4606-8B87-3DAE36059177}.Release|Any CPU.ActiveCfg = Release|Any CPU
		{69A7B667-9881-4606-8B87-3DAE36059177}.Release|Any CPU.Build.0 = Release|Any CPU
		{69A7B667-9881-4606-8B87-3DAE36059177}.Release|Mixed Platforms.ActiveCfg = Release|Any CPU
		{69A7B667-9881-4606-8B87-3DAE36059177}.Release|Mixed Platforms.Build.0 = Release|Any CPU
		{69A7B667-9881-4606-8B87-3DAE36059177}.Release|x86.ActiveCfg = Release|Any CPU
		{AD492499-461F-4117-A495-302089AD7B87}.Debug|Any CPU.ActiveCfg = Debug|Any CPU
		{AD492499-461F-4117-A495-302089AD7B87}.Debug|Any CPU.Build.0 = Debug|Any CPU
		{AD492499-461F-4117-A495-302089AD7B87}.Debug|Mixed Platforms.ActiveCfg = Debug|Any CPU
		{AD492499-461F-4117-A495-302089AD7B87}.Debug|Mixed Platforms.Build.0 = Debug|Any CPU
		{AD492499-461F-4117-A495-302089AD7B87}.Debug|x86.ActiveCfg = Debug|Any CPU
		{AD492499-461F-4117-A495-302089AD7B87}.Release|Any CPU.ActiveCfg = Release|Any CPU
		{AD492499-461F-4117-A495-302089AD7B87}.Release|Any CPU.Build.0 = Release|Any CPU
		{AD492499-461F-4117-A495-302089AD7B87}.Release|Mixed Platforms.ActiveCfg = Release|Any CPU
		{AD492499-461F-4117-A495-302089AD7B87}.Release|Mixed Platforms.Build.0 = Release|Any CPU
		{AD492499-461F-4117-A495-302089AD7B87}.Release|x86.ActiveCfg = Release|Any CPU
		{7092D42D-17D1-432C-950C-FF848FA149A7}.Debug|Any CPU.ActiveCfg = Debug|Any CPU
		{7092D42D-17D1-432C-950C-FF848FA149A7}.Debug|Any CPU.Build.0 = Debug|Any CPU
		{7092D42D-17D1-432C-950C-FF848FA149A7}.Debug|Mixed Platforms.ActiveCfg = Debug|Any CPU
		{7092D42D-17D1-432C-950C-FF848FA149A7}.Debug|Mixed Platforms.Build.0 = Debug|Any CPU
		{7092D42D-17D1-432C-950C-FF848FA149A7}.Debug|x86.ActiveCfg = Debug|Any CPU
		{7092D42D-17D1-432C-950C-FF848FA149A7}.Release|Any CPU.ActiveCfg = Release|Any CPU
		{7092D42D-17D1-432C-950C-FF848FA149A7}.Release|Any CPU.Build.0 = Release|Any CPU
		{7092D42D-17D1-432C-950C-FF848FA149A7}.Release|Mixed Platforms.ActiveCfg = Release|Any CPU
		{7092D42D-17D1-432C-950C-FF848FA149A7}.Release|Mixed Platforms.Build.0 = Release|Any CPU
		{7092D42D-17D1-432C-950C-FF848FA149A7}.Release|x86.ActiveCfg = Release|Any CPU
		{77EF6D1D-F45B-48B4-8FDD-CA004C4A12F4}.Debug|Any CPU.ActiveCfg = Debug|Any CPU
		{77EF6D1D-F45B-48B4-8FDD-CA004C4A12F4}.Debug|Any CPU.Build.0 = Debug|Any CPU
		{77EF6D1D-F45B-48B4-8FDD-CA004C4A12F4}.Debug|Mixed Platforms.ActiveCfg = Debug|Any CPU
		{77EF6D1D-F45B-48B4-8FDD-CA004C4A12F4}.Debug|Mixed Platforms.Build.0 = Debug|Any CPU
		{77EF6D1D-F45B-48B4-8FDD-CA004C4A12F4}.Debug|x86.ActiveCfg = Debug|Any CPU
		{77EF6D1D-F45B-48B4-8FDD-CA004C4A12F4}.Release|Any CPU.ActiveCfg = Release|Any CPU
		{77EF6D1D-F45B-48B4-8FDD-CA004C4A12F4}.Release|Any CPU.Build.0 = Release|Any CPU
		{77EF6D1D-F45B-48B4-8FDD-CA004C4A12F4}.Release|Mixed Platforms.ActiveCfg = Release|Any CPU
		{77EF6D1D-F45B-48B4-8FDD-CA004C4A12F4}.Release|Mixed Platforms.Build.0 = Release|Any CPU
		{77EF6D1D-F45B-48B4-8FDD-CA004C4A12F4}.Release|x86.ActiveCfg = Release|Any CPU
		{93DE3A0B-F34F-45DF-8A0D-EAA198C34662}.Debug|Any CPU.ActiveCfg = Debug|Any CPU
		{93DE3A0B-F34F-45DF-8A0D-EAA198C34662}.Debug|Any CPU.Build.0 = Debug|Any CPU
		{93DE3A0B-F34F-45DF-8A0D-EAA198C34662}.Debug|Mixed Platforms.ActiveCfg = Debug|Any CPU
		{93DE3A0B-F34F-45DF-8A0D-EAA198C34662}.Debug|Mixed Platforms.Build.0 = Debug|Any CPU
		{93DE3A0B-F34F-45DF-8A0D-EAA198C34662}.Debug|x86.ActiveCfg = Debug|Any CPU
		{93DE3A0B-F34F-45DF-8A0D-EAA198C34662}.Release|Any CPU.ActiveCfg = Release|Any CPU
		{93DE3A0B-F34F-45DF-8A0D-EAA198C34662}.Release|Any CPU.Build.0 = Release|Any CPU
		{93DE3A0B-F34F-45DF-8A0D-EAA198C34662}.Release|Mixed Platforms.ActiveCfg = Release|Any CPU
		{93DE3A0B-F34F-45DF-8A0D-EAA198C34662}.Release|Mixed Platforms.Build.0 = Release|Any CPU
		{93DE3A0B-F34F-45DF-8A0D-EAA198C34662}.Release|x86.ActiveCfg = Release|Any CPU
		{DE07C975-94AF-497E-9BF8-E92116FECAA2}.Debug|Any CPU.ActiveCfg = Debug|Any CPU
		{DE07C975-94AF-497E-9BF8-E92116FECAA2}.Debug|Any CPU.Build.0 = Debug|Any CPU
		{DE07C975-94AF-497E-9BF8-E92116FECAA2}.Debug|Mixed Platforms.ActiveCfg = Debug|Any CPU
		{DE07C975-94AF-497E-9BF8-E92116FECAA2}.Debug|Mixed Platforms.Build.0 = Debug|Any CPU
		{DE07C975-94AF-497E-9BF8-E92116FECAA2}.Debug|x86.ActiveCfg = Debug|Any CPU
		{DE07C975-94AF-497E-9BF8-E92116FECAA2}.Release|Any CPU.ActiveCfg = Release|Any CPU
		{DE07C975-94AF-497E-9BF8-E92116FECAA2}.Release|Any CPU.Build.0 = Release|Any CPU
		{DE07C975-94AF-497E-9BF8-E92116FECAA2}.Release|Mixed Platforms.ActiveCfg = Release|Any CPU
		{DE07C975-94AF-497E-9BF8-E92116FECAA2}.Release|Mixed Platforms.Build.0 = Release|Any CPU
		{DE07C975-94AF-497E-9BF8-E92116FECAA2}.Release|x86.ActiveCfg = Release|Any CPU
		{55E3B7EE-D63A-4DFF-92F7-4A937D139E04}.Debug|Any CPU.ActiveCfg = Debug|Any CPU
		{55E3B7EE-D63A-4DFF-92F7-4A937D139E04}.Debug|Any CPU.Build.0 = Debug|Any CPU
		{55E3B7EE-D63A-4DFF-92F7-4A937D139E04}.Debug|Mixed Platforms.ActiveCfg = Debug|Any CPU
		{55E3B7EE-D63A-4DFF-92F7-4A937D139E04}.Debug|Mixed Platforms.Build.0 = Debug|Any CPU
		{55E3B7EE-D63A-4DFF-92F7-4A937D139E04}.Debug|x86.ActiveCfg = Debug|Any CPU
		{55E3B7EE-D63A-4DFF-92F7-4A937D139E04}.Release|Any CPU.ActiveCfg = Release|Any CPU
		{55E3B7EE-D63A-4DFF-92F7-4A937D139E04}.Release|Any CPU.Build.0 = Release|Any CPU
		{55E3B7EE-D63A-4DFF-92F7-4A937D139E04}.Release|Mixed Platforms.ActiveCfg = Release|Any CPU
		{55E3B7EE-D63A-4DFF-92F7-4A937D139E04}.Release|Mixed Platforms.Build.0 = Release|Any CPU
		{55E3B7EE-D63A-4DFF-92F7-4A937D139E04}.Release|x86.ActiveCfg = Release|Any CPU
		{90C422A9-C537-42A7-B4A8-2490E4D20D3A}.Debug|Any CPU.ActiveCfg = Debug|Any CPU
		{90C422A9-C537-42A7-B4A8-2490E4D20D3A}.Debug|Any CPU.Build.0 = Debug|Any CPU
		{90C422A9-C537-42A7-B4A8-2490E4D20D3A}.Debug|Mixed Platforms.ActiveCfg = Debug|Any CPU
		{90C422A9-C537-42A7-B4A8-2490E4D20D3A}.Debug|Mixed Platforms.Build.0 = Debug|Any CPU
		{90C422A9-C537-42A7-B4A8-2490E4D20D3A}.Debug|x86.ActiveCfg = Debug|Any CPU
		{90C422A9-C537-42A7-B4A8-2490E4D20D3A}.Release|Any CPU.ActiveCfg = Release|Any CPU
		{90C422A9-C537-42A7-B4A8-2490E4D20D3A}.Release|Any CPU.Build.0 = Release|Any CPU
		{90C422A9-C537-42A7-B4A8-2490E4D20D3A}.Release|Mixed Platforms.ActiveCfg = Release|Any CPU
		{90C422A9-C537-42A7-B4A8-2490E4D20D3A}.Release|Mixed Platforms.Build.0 = Release|Any CPU
		{90C422A9-C537-42A7-B4A8-2490E4D20D3A}.Release|x86.ActiveCfg = Release|Any CPU
		{8EF18975-59B4-4084-9127-7ADFD12129A3}.Debug|Any CPU.ActiveCfg = Debug|Any CPU
		{8EF18975-59B4-4084-9127-7ADFD12129A3}.Debug|Any CPU.Build.0 = Debug|Any CPU
		{8EF18975-59B4-4084-9127-7ADFD12129A3}.Debug|Mixed Platforms.ActiveCfg = Debug|Any CPU
		{8EF18975-59B4-4084-9127-7ADFD12129A3}.Debug|Mixed Platforms.Build.0 = Debug|Any CPU
		{8EF18975-59B4-4084-9127-7ADFD12129A3}.Debug|x86.ActiveCfg = Debug|Any CPU
		{8EF18975-59B4-4084-9127-7ADFD12129A3}.Release|Any CPU.ActiveCfg = Release|Any CPU
		{8EF18975-59B4-4084-9127-7ADFD12129A3}.Release|Any CPU.Build.0 = Release|Any CPU
		{8EF18975-59B4-4084-9127-7ADFD12129A3}.Release|Mixed Platforms.ActiveCfg = Release|Any CPU
		{8EF18975-59B4-4084-9127-7ADFD12129A3}.Release|Mixed Platforms.Build.0 = Release|Any CPU
		{8EF18975-59B4-4084-9127-7ADFD12129A3}.Release|x86.ActiveCfg = Release|Any CPU
		{77C9CC5E-AF26-411D-9413-0BF7E827EBA9}.Debug|Any CPU.ActiveCfg = Debug|Any CPU
		{77C9CC5E-AF26-411D-9413-0BF7E827EBA9}.Debug|Any CPU.Build.0 = Debug|Any CPU
		{77C9CC5E-AF26-411D-9413-0BF7E827EBA9}.Debug|Mixed Platforms.ActiveCfg = Debug|Any CPU
		{77C9CC5E-AF26-411D-9413-0BF7E827EBA9}.Debug|Mixed Platforms.Build.0 = Debug|Any CPU
		{77C9CC5E-AF26-411D-9413-0BF7E827EBA9}.Debug|x86.ActiveCfg = Debug|Any CPU
		{77C9CC5E-AF26-411D-9413-0BF7E827EBA9}.Release|Any CPU.ActiveCfg = Release|Any CPU
		{77C9CC5E-AF26-411D-9413-0BF7E827EBA9}.Release|Any CPU.Build.0 = Release|Any CPU
		{77C9CC5E-AF26-411D-9413-0BF7E827EBA9}.Release|Mixed Platforms.ActiveCfg = Release|Any CPU
		{77C9CC5E-AF26-411D-9413-0BF7E827EBA9}.Release|Mixed Platforms.Build.0 = Release|Any CPU
		{77C9CC5E-AF26-411D-9413-0BF7E827EBA9}.Release|x86.ActiveCfg = Release|Any CPU
		{88611229-1F7D-4C6A-88B8-43805B287B8C}.Debug|Any CPU.ActiveCfg = Debug|Any CPU
		{88611229-1F7D-4C6A-88B8-43805B287B8C}.Debug|Any CPU.Build.0 = Debug|Any CPU
		{88611229-1F7D-4C6A-88B8-43805B287B8C}.Debug|Mixed Platforms.ActiveCfg = Debug|Any CPU
		{88611229-1F7D-4C6A-88B8-43805B287B8C}.Debug|Mixed Platforms.Build.0 = Debug|Any CPU
		{88611229-1F7D-4C6A-88B8-43805B287B8C}.Debug|x86.ActiveCfg = Debug|Any CPU
		{88611229-1F7D-4C6A-88B8-43805B287B8C}.Release|Any CPU.ActiveCfg = Release|Any CPU
		{88611229-1F7D-4C6A-88B8-43805B287B8C}.Release|Any CPU.Build.0 = Release|Any CPU
		{88611229-1F7D-4C6A-88B8-43805B287B8C}.Release|Mixed Platforms.ActiveCfg = Release|Any CPU
		{88611229-1F7D-4C6A-88B8-43805B287B8C}.Release|Mixed Platforms.Build.0 = Release|Any CPU
		{88611229-1F7D-4C6A-88B8-43805B287B8C}.Release|x86.ActiveCfg = Release|Any CPU
		{43363F0D-C89A-4EDF-8644-BC5B798A22FC}.Debug|Any CPU.ActiveCfg = Debug|Any CPU
		{43363F0D-C89A-4EDF-8644-BC5B798A22FC}.Debug|Any CPU.Build.0 = Debug|Any CPU
		{43363F0D-C89A-4EDF-8644-BC5B798A22FC}.Debug|Mixed Platforms.ActiveCfg = Debug|Any CPU
		{43363F0D-C89A-4EDF-8644-BC5B798A22FC}.Debug|Mixed Platforms.Build.0 = Debug|Any CPU
		{43363F0D-C89A-4EDF-8644-BC5B798A22FC}.Debug|x86.ActiveCfg = Debug|Any CPU
		{43363F0D-C89A-4EDF-8644-BC5B798A22FC}.Release|Any CPU.ActiveCfg = Release|Any CPU
		{43363F0D-C89A-4EDF-8644-BC5B798A22FC}.Release|Any CPU.Build.0 = Release|Any CPU
		{43363F0D-C89A-4EDF-8644-BC5B798A22FC}.Release|Mixed Platforms.ActiveCfg = Release|Any CPU
		{43363F0D-C89A-4EDF-8644-BC5B798A22FC}.Release|Mixed Platforms.Build.0 = Release|Any CPU
		{43363F0D-C89A-4EDF-8644-BC5B798A22FC}.Release|x86.ActiveCfg = Release|Any CPU
		{08303449-9F05-40AF-8E03-3E61FE585EBA}.Debug|Any CPU.ActiveCfg = Debug|x86
		{08303449-9F05-40AF-8E03-3E61FE585EBA}.Debug|Mixed Platforms.ActiveCfg = Debug|x86
		{08303449-9F05-40AF-8E03-3E61FE585EBA}.Debug|Mixed Platforms.Build.0 = Debug|x86
		{08303449-9F05-40AF-8E03-3E61FE585EBA}.Debug|x86.ActiveCfg = Debug|x86
		{08303449-9F05-40AF-8E03-3E61FE585EBA}.Debug|x86.Build.0 = Debug|x86
		{08303449-9F05-40AF-8E03-3E61FE585EBA}.Release|Any CPU.ActiveCfg = Release|x86
		{08303449-9F05-40AF-8E03-3E61FE585EBA}.Release|Mixed Platforms.ActiveCfg = Release|x86
		{08303449-9F05-40AF-8E03-3E61FE585EBA}.Release|Mixed Platforms.Build.0 = Release|x86
		{08303449-9F05-40AF-8E03-3E61FE585EBA}.Release|x86.ActiveCfg = Release|x86
		{08303449-9F05-40AF-8E03-3E61FE585EBA}.Release|x86.Build.0 = Release|x86
		{E7FB7092-EF47-4CB6-BAB1-1F36326FE06A}.Debug|Any CPU.ActiveCfg = Debug|Any CPU
		{E7FB7092-EF47-4CB6-BAB1-1F36326FE06A}.Debug|Any CPU.Build.0 = Debug|Any CPU
		{E7FB7092-EF47-4CB6-BAB1-1F36326FE06A}.Debug|Mixed Platforms.ActiveCfg = Debug|Any CPU
		{E7FB7092-EF47-4CB6-BAB1-1F36326FE06A}.Debug|Mixed Platforms.Build.0 = Debug|Any CPU
		{E7FB7092-EF47-4CB6-BAB1-1F36326FE06A}.Debug|x86.ActiveCfg = Debug|Any CPU
		{E7FB7092-EF47-4CB6-BAB1-1F36326FE06A}.Release|Any CPU.ActiveCfg = Release|Any CPU
		{E7FB7092-EF47-4CB6-BAB1-1F36326FE06A}.Release|Any CPU.Build.0 = Release|Any CPU
		{E7FB7092-EF47-4CB6-BAB1-1F36326FE06A}.Release|Mixed Platforms.ActiveCfg = Release|Any CPU
		{E7FB7092-EF47-4CB6-BAB1-1F36326FE06A}.Release|Mixed Platforms.Build.0 = Release|Any CPU
		{E7FB7092-EF47-4CB6-BAB1-1F36326FE06A}.Release|x86.ActiveCfg = Release|Any CPU
		{C6A4DF4F-9F73-4BF3-98B7-07BB385DAA1A}.Debug|Any CPU.ActiveCfg = Debug|Any CPU
		{C6A4DF4F-9F73-4BF3-98B7-07BB385DAA1A}.Debug|Any CPU.Build.0 = Debug|Any CPU
		{C6A4DF4F-9F73-4BF3-98B7-07BB385DAA1A}.Debug|Mixed Platforms.ActiveCfg = Debug|Any CPU
		{C6A4DF4F-9F73-4BF3-98B7-07BB385DAA1A}.Debug|Mixed Platforms.Build.0 = Debug|Any CPU
		{C6A4DF4F-9F73-4BF3-98B7-07BB385DAA1A}.Debug|x86.ActiveCfg = Debug|Any CPU
		{C6A4DF4F-9F73-4BF3-98B7-07BB385DAA1A}.Release|Any CPU.ActiveCfg = Release|Any CPU
		{C6A4DF4F-9F73-4BF3-98B7-07BB385DAA1A}.Release|Any CPU.Build.0 = Release|Any CPU
		{C6A4DF4F-9F73-4BF3-98B7-07BB385DAA1A}.Release|Mixed Platforms.ActiveCfg = Release|Any CPU
		{C6A4DF4F-9F73-4BF3-98B7-07BB385DAA1A}.Release|Mixed Platforms.Build.0 = Release|Any CPU
		{C6A4DF4F-9F73-4BF3-98B7-07BB385DAA1A}.Release|x86.ActiveCfg = Release|Any CPU
		{923639FF-DBB2-411F-9611-A295B2C71B54}.Debug|Any CPU.ActiveCfg = Debug|Any CPU
		{923639FF-DBB2-411F-9611-A295B2C71B54}.Debug|Any CPU.Build.0 = Debug|Any CPU
		{923639FF-DBB2-411F-9611-A295B2C71B54}.Debug|Mixed Platforms.ActiveCfg = Debug|Any CPU
		{923639FF-DBB2-411F-9611-A295B2C71B54}.Debug|Mixed Platforms.Build.0 = Debug|Any CPU
		{923639FF-DBB2-411F-9611-A295B2C71B54}.Debug|x86.ActiveCfg = Debug|Any CPU
		{923639FF-DBB2-411F-9611-A295B2C71B54}.Release|Any CPU.ActiveCfg = Release|Any CPU
		{923639FF-DBB2-411F-9611-A295B2C71B54}.Release|Any CPU.Build.0 = Release|Any CPU
		{923639FF-DBB2-411F-9611-A295B2C71B54}.Release|Mixed Platforms.ActiveCfg = Release|Any CPU
		{923639FF-DBB2-411F-9611-A295B2C71B54}.Release|Mixed Platforms.Build.0 = Release|Any CPU
		{923639FF-DBB2-411F-9611-A295B2C71B54}.Release|x86.ActiveCfg = Release|Any CPU
		{34CCCA63-770B-4369-879A-79BECCB2A312}.Debug|Any CPU.ActiveCfg = Debug|x86
		{34CCCA63-770B-4369-879A-79BECCB2A312}.Debug|Mixed Platforms.ActiveCfg = Debug|x86
		{34CCCA63-770B-4369-879A-79BECCB2A312}.Debug|Mixed Platforms.Build.0 = Debug|x86
		{34CCCA63-770B-4369-879A-79BECCB2A312}.Debug|x86.ActiveCfg = Debug|x86
		{34CCCA63-770B-4369-879A-79BECCB2A312}.Debug|x86.Build.0 = Debug|x86
		{34CCCA63-770B-4369-879A-79BECCB2A312}.Release|Any CPU.ActiveCfg = Release|x86
		{34CCCA63-770B-4369-879A-79BECCB2A312}.Release|Mixed Platforms.ActiveCfg = Release|x86
		{34CCCA63-770B-4369-879A-79BECCB2A312}.Release|Mixed Platforms.Build.0 = Release|x86
		{34CCCA63-770B-4369-879A-79BECCB2A312}.Release|x86.ActiveCfg = Release|x86
		{34CCCA63-770B-4369-879A-79BECCB2A312}.Release|x86.Build.0 = Release|x86
		{28D996A4-24EB-4314-AE9C-27452FA87D26}.Debug|Any CPU.ActiveCfg = Debug|x86
		{28D996A4-24EB-4314-AE9C-27452FA87D26}.Debug|Mixed Platforms.ActiveCfg = Debug|x86
		{28D996A4-24EB-4314-AE9C-27452FA87D26}.Debug|Mixed Platforms.Build.0 = Debug|x86
		{28D996A4-24EB-4314-AE9C-27452FA87D26}.Debug|x86.ActiveCfg = Debug|x86
		{28D996A4-24EB-4314-AE9C-27452FA87D26}.Debug|x86.Build.0 = Debug|x86
		{28D996A4-24EB-4314-AE9C-27452FA87D26}.Release|Any CPU.ActiveCfg = Release|x86
		{28D996A4-24EB-4314-AE9C-27452FA87D26}.Release|Mixed Platforms.ActiveCfg = Release|x86
		{28D996A4-24EB-4314-AE9C-27452FA87D26}.Release|Mixed Platforms.Build.0 = Release|x86
		{28D996A4-24EB-4314-AE9C-27452FA87D26}.Release|x86.ActiveCfg = Release|x86
		{28D996A4-24EB-4314-AE9C-27452FA87D26}.Release|x86.Build.0 = Release|x86
		{2F06E543-DC6D-4A88-92E9-D44D2853F65E}.Debug|Any CPU.ActiveCfg = Debug|Any CPU
		{2F06E543-DC6D-4A88-92E9-D44D2853F65E}.Debug|Any CPU.Build.0 = Debug|Any CPU
		{2F06E543-DC6D-4A88-92E9-D44D2853F65E}.Debug|Mixed Platforms.ActiveCfg = Debug|Any CPU
		{2F06E543-DC6D-4A88-92E9-D44D2853F65E}.Debug|Mixed Platforms.Build.0 = Debug|Any CPU
		{2F06E543-DC6D-4A88-92E9-D44D2853F65E}.Debug|x86.ActiveCfg = Debug|Any CPU
		{2F06E543-DC6D-4A88-92E9-D44D2853F65E}.Release|Any CPU.ActiveCfg = Release|Any CPU
		{2F06E543-DC6D-4A88-92E9-D44D2853F65E}.Release|Any CPU.Build.0 = Release|Any CPU
		{2F06E543-DC6D-4A88-92E9-D44D2853F65E}.Release|Mixed Platforms.ActiveCfg = Release|Any CPU
		{2F06E543-DC6D-4A88-92E9-D44D2853F65E}.Release|Mixed Platforms.Build.0 = Release|Any CPU
		{2F06E543-DC6D-4A88-92E9-D44D2853F65E}.Release|x86.ActiveCfg = Release|Any CPU
		{8704FCFB-0913-4669-A82C-EC68D8A3BE03}.Debug|Any CPU.ActiveCfg = Debug|Any CPU
		{8704FCFB-0913-4669-A82C-EC68D8A3BE03}.Debug|Any CPU.Build.0 = Debug|Any CPU
		{8704FCFB-0913-4669-A82C-EC68D8A3BE03}.Debug|Mixed Platforms.ActiveCfg = Debug|Any CPU
		{8704FCFB-0913-4669-A82C-EC68D8A3BE03}.Debug|Mixed Platforms.Build.0 = Debug|Any CPU
		{8704FCFB-0913-4669-A82C-EC68D8A3BE03}.Debug|x86.ActiveCfg = Debug|Any CPU
		{8704FCFB-0913-4669-A82C-EC68D8A3BE03}.Release|Any CPU.ActiveCfg = Release|Any CPU
		{8704FCFB-0913-4669-A82C-EC68D8A3BE03}.Release|Any CPU.Build.0 = Release|Any CPU
		{8704FCFB-0913-4669-A82C-EC68D8A3BE03}.Release|Mixed Platforms.ActiveCfg = Release|Any CPU
		{8704FCFB-0913-4669-A82C-EC68D8A3BE03}.Release|Mixed Platforms.Build.0 = Release|Any CPU
		{8704FCFB-0913-4669-A82C-EC68D8A3BE03}.Release|x86.ActiveCfg = Release|Any CPU
		{E4D17481-1DD0-4C3E-B51B-64C8B47A3521}.Debug|Any CPU.ActiveCfg = Debug|x86
		{E4D17481-1DD0-4C3E-B51B-64C8B47A3521}.Debug|Mixed Platforms.ActiveCfg = Debug|x86
		{E4D17481-1DD0-4C3E-B51B-64C8B47A3521}.Debug|Mixed Platforms.Build.0 = Debug|x86
		{E4D17481-1DD0-4C3E-B51B-64C8B47A3521}.Debug|x86.ActiveCfg = Debug|x86
		{E4D17481-1DD0-4C3E-B51B-64C8B47A3521}.Debug|x86.Build.0 = Debug|x86
		{E4D17481-1DD0-4C3E-B51B-64C8B47A3521}.Release|Any CPU.ActiveCfg = Release|x86
		{E4D17481-1DD0-4C3E-B51B-64C8B47A3521}.Release|Mixed Platforms.ActiveCfg = Release|x86
		{E4D17481-1DD0-4C3E-B51B-64C8B47A3521}.Release|Mixed Platforms.Build.0 = Release|x86
		{E4D17481-1DD0-4C3E-B51B-64C8B47A3521}.Release|x86.ActiveCfg = Release|x86
		{E4D17481-1DD0-4C3E-B51B-64C8B47A3521}.Release|x86.Build.0 = Release|x86
		{400DC1EB-BCFF-4601-AAAB-0C1764A46788}.Debug|Any CPU.ActiveCfg = Debug|Any CPU
		{400DC1EB-BCFF-4601-AAAB-0C1764A46788}.Debug|Any CPU.Build.0 = Debug|Any CPU
		{400DC1EB-BCFF-4601-AAAB-0C1764A46788}.Debug|Mixed Platforms.ActiveCfg = Debug|Any CPU
		{400DC1EB-BCFF-4601-AAAB-0C1764A46788}.Debug|Mixed Platforms.Build.0 = Debug|Any CPU
		{400DC1EB-BCFF-4601-AAAB-0C1764A46788}.Debug|x86.ActiveCfg = Debug|Any CPU
		{400DC1EB-BCFF-4601-AAAB-0C1764A46788}.Release|Any CPU.ActiveCfg = Release|Any CPU
		{400DC1EB-BCFF-4601-AAAB-0C1764A46788}.Release|Any CPU.Build.0 = Release|Any CPU
		{400DC1EB-BCFF-4601-AAAB-0C1764A46788}.Release|Mixed Platforms.ActiveCfg = Release|Any CPU
		{400DC1EB-BCFF-4601-AAAB-0C1764A46788}.Release|Mixed Platforms.Build.0 = Release|Any CPU
		{400DC1EB-BCFF-4601-AAAB-0C1764A46788}.Release|x86.ActiveCfg = Release|Any CPU
		{DE59333B-55FE-4FD1-A279-1C00E832E02E}.Debug|Any CPU.ActiveCfg = Debug|Any CPU
		{DE59333B-55FE-4FD1-A279-1C00E832E02E}.Debug|Any CPU.Build.0 = Debug|Any CPU
		{DE59333B-55FE-4FD1-A279-1C00E832E02E}.Debug|Mixed Platforms.ActiveCfg = Debug|Any CPU
		{DE59333B-55FE-4FD1-A279-1C00E832E02E}.Debug|Mixed Platforms.Build.0 = Debug|Any CPU
		{DE59333B-55FE-4FD1-A279-1C00E832E02E}.Debug|x86.ActiveCfg = Debug|Any CPU
		{DE59333B-55FE-4FD1-A279-1C00E832E02E}.Release|Any CPU.ActiveCfg = Release|Any CPU
		{DE59333B-55FE-4FD1-A279-1C00E832E02E}.Release|Any CPU.Build.0 = Release|Any CPU
		{DE59333B-55FE-4FD1-A279-1C00E832E02E}.Release|Mixed Platforms.ActiveCfg = Release|Any CPU
		{DE59333B-55FE-4FD1-A279-1C00E832E02E}.Release|Mixed Platforms.Build.0 = Release|Any CPU
		{DE59333B-55FE-4FD1-A279-1C00E832E02E}.Release|x86.ActiveCfg = Release|Any CPU
		{99189341-83BC-42ED-99A1-AA2E3071CDF4}.Debug|Any CPU.ActiveCfg = Debug|x86
		{99189341-83BC-42ED-99A1-AA2E3071CDF4}.Debug|Mixed Platforms.ActiveCfg = Debug|x86
		{99189341-83BC-42ED-99A1-AA2E3071CDF4}.Debug|Mixed Platforms.Build.0 = Debug|x86
		{99189341-83BC-42ED-99A1-AA2E3071CDF4}.Debug|x86.ActiveCfg = Debug|x86
		{99189341-83BC-42ED-99A1-AA2E3071CDF4}.Debug|x86.Build.0 = Debug|x86
		{99189341-83BC-42ED-99A1-AA2E3071CDF4}.Release|Any CPU.ActiveCfg = Release|x86
		{99189341-83BC-42ED-99A1-AA2E3071CDF4}.Release|Mixed Platforms.ActiveCfg = Release|x86
		{99189341-83BC-42ED-99A1-AA2E3071CDF4}.Release|Mixed Platforms.Build.0 = Release|x86
		{99189341-83BC-42ED-99A1-AA2E3071CDF4}.Release|x86.ActiveCfg = Release|x86
		{99189341-83BC-42ED-99A1-AA2E3071CDF4}.Release|x86.Build.0 = Release|x86
		{2C2D256D-2353-409A-A0BD-BCC147E18694}.Debug|Any CPU.ActiveCfg = Debug|Any CPU
		{2C2D256D-2353-409A-A0BD-BCC147E18694}.Debug|Any CPU.Build.0 = Debug|Any CPU
		{2C2D256D-2353-409A-A0BD-BCC147E18694}.Debug|Mixed Platforms.ActiveCfg = Debug|Any CPU
		{2C2D256D-2353-409A-A0BD-BCC147E18694}.Debug|Mixed Platforms.Build.0 = Debug|Any CPU
		{2C2D256D-2353-409A-A0BD-BCC147E18694}.Debug|x86.ActiveCfg = Debug|Any CPU
		{2C2D256D-2353-409A-A0BD-BCC147E18694}.Release|Any CPU.ActiveCfg = Release|Any CPU
		{2C2D256D-2353-409A-A0BD-BCC147E18694}.Release|Any CPU.Build.0 = Release|Any CPU
		{2C2D256D-2353-409A-A0BD-BCC147E18694}.Release|Mixed Platforms.ActiveCfg = Release|Any CPU
		{2C2D256D-2353-409A-A0BD-BCC147E18694}.Release|Mixed Platforms.Build.0 = Release|Any CPU
		{2C2D256D-2353-409A-A0BD-BCC147E18694}.Release|x86.ActiveCfg = Release|Any CPU
		{03915831-23B5-462A-A144-49662864AE34}.Debug|Any CPU.ActiveCfg = Debug|Any CPU
		{03915831-23B5-462A-A144-49662864AE34}.Debug|Any CPU.Build.0 = Debug|Any CPU
		{03915831-23B5-462A-A144-49662864AE34}.Debug|Mixed Platforms.ActiveCfg = Debug|Any CPU
		{03915831-23B5-462A-A144-49662864AE34}.Debug|Mixed Platforms.Build.0 = Debug|Any CPU
		{03915831-23B5-462A-A144-49662864AE34}.Debug|x86.ActiveCfg = Debug|Any CPU
		{03915831-23B5-462A-A144-49662864AE34}.Release|Any CPU.ActiveCfg = Release|Any CPU
		{03915831-23B5-462A-A144-49662864AE34}.Release|Any CPU.Build.0 = Release|Any CPU
		{03915831-23B5-462A-A144-49662864AE34}.Release|Mixed Platforms.ActiveCfg = Release|Any CPU
		{03915831-23B5-462A-A144-49662864AE34}.Release|Mixed Platforms.Build.0 = Release|Any CPU
		{03915831-23B5-462A-A144-49662864AE34}.Release|x86.ActiveCfg = Release|Any CPU
		{57DDD930-5377-4427-92F1-D46B7463C5B6}.Debug|Any CPU.ActiveCfg = Debug|Any CPU
		{57DDD930-5377-4427-92F1-D46B7463C5B6}.Debug|Any CPU.Build.0 = Debug|Any CPU
		{57DDD930-5377-4427-92F1-D46B7463C5B6}.Debug|Mixed Platforms.ActiveCfg = Debug|Any CPU
		{57DDD930-5377-4427-92F1-D46B7463C5B6}.Debug|Mixed Platforms.Build.0 = Debug|Any CPU
		{57DDD930-5377-4427-92F1-D46B7463C5B6}.Debug|x86.ActiveCfg = Debug|Any CPU
		{57DDD930-5377-4427-92F1-D46B7463C5B6}.Release|Any CPU.ActiveCfg = Release|Any CPU
		{57DDD930-5377-4427-92F1-D46B7463C5B6}.Release|Any CPU.Build.0 = Release|Any CPU
		{57DDD930-5377-4427-92F1-D46B7463C5B6}.Release|Mixed Platforms.ActiveCfg = Release|Any CPU
		{57DDD930-5377-4427-92F1-D46B7463C5B6}.Release|Mixed Platforms.Build.0 = Release|Any CPU
		{57DDD930-5377-4427-92F1-D46B7463C5B6}.Release|x86.ActiveCfg = Release|Any CPU
		{B6148420-3A2B-4113-8568-60E4D50A0DB7}.Debug|Any CPU.ActiveCfg = Debug|Any CPU
		{B6148420-3A2B-4113-8568-60E4D50A0DB7}.Debug|Any CPU.Build.0 = Debug|Any CPU
		{B6148420-3A2B-4113-8568-60E4D50A0DB7}.Debug|Mixed Platforms.ActiveCfg = Debug|Any CPU
		{B6148420-3A2B-4113-8568-60E4D50A0DB7}.Debug|Mixed Platforms.Build.0 = Debug|Any CPU
		{B6148420-3A2B-4113-8568-60E4D50A0DB7}.Debug|x86.ActiveCfg = Debug|Any CPU
		{B6148420-3A2B-4113-8568-60E4D50A0DB7}.Release|Any CPU.ActiveCfg = Release|Any CPU
		{B6148420-3A2B-4113-8568-60E4D50A0DB7}.Release|Any CPU.Build.0 = Release|Any CPU
		{B6148420-3A2B-4113-8568-60E4D50A0DB7}.Release|Mixed Platforms.ActiveCfg = Release|Any CPU
		{B6148420-3A2B-4113-8568-60E4D50A0DB7}.Release|Mixed Platforms.Build.0 = Release|Any CPU
		{B6148420-3A2B-4113-8568-60E4D50A0DB7}.Release|x86.ActiveCfg = Release|Any CPU
		{EF38EEF8-02A4-4E7B-AC4C-09294F4AE5FA}.Debug|Any CPU.ActiveCfg = Debug|x86
		{EF38EEF8-02A4-4E7B-AC4C-09294F4AE5FA}.Debug|Mixed Platforms.ActiveCfg = Debug|x86
		{EF38EEF8-02A4-4E7B-AC4C-09294F4AE5FA}.Debug|Mixed Platforms.Build.0 = Debug|x86
		{EF38EEF8-02A4-4E7B-AC4C-09294F4AE5FA}.Debug|x86.ActiveCfg = Debug|x86
		{EF38EEF8-02A4-4E7B-AC4C-09294F4AE5FA}.Debug|x86.Build.0 = Debug|x86
		{EF38EEF8-02A4-4E7B-AC4C-09294F4AE5FA}.Release|Any CPU.ActiveCfg = Release|x86
		{EF38EEF8-02A4-4E7B-AC4C-09294F4AE5FA}.Release|Mixed Platforms.ActiveCfg = Release|x86
		{EF38EEF8-02A4-4E7B-AC4C-09294F4AE5FA}.Release|Mixed Platforms.Build.0 = Release|x86
		{EF38EEF8-02A4-4E7B-AC4C-09294F4AE5FA}.Release|x86.ActiveCfg = Release|x86
		{EF38EEF8-02A4-4E7B-AC4C-09294F4AE5FA}.Release|x86.Build.0 = Release|x86
		{EFC598CF-8B28-45A5-86C8-8F10C2DAC341}.Debug|Any CPU.ActiveCfg = Debug|x86
		{EFC598CF-8B28-45A5-86C8-8F10C2DAC341}.Debug|Mixed Platforms.ActiveCfg = Debug|x86
		{EFC598CF-8B28-45A5-86C8-8F10C2DAC341}.Debug|Mixed Platforms.Build.0 = Debug|x86
		{EFC598CF-8B28-45A5-86C8-8F10C2DAC341}.Debug|x86.ActiveCfg = Debug|x86
		{EFC598CF-8B28-45A5-86C8-8F10C2DAC341}.Debug|x86.Build.0 = Debug|x86
		{EFC598CF-8B28-45A5-86C8-8F10C2DAC341}.Release|Any CPU.ActiveCfg = Release|x86
		{EFC598CF-8B28-45A5-86C8-8F10C2DAC341}.Release|Mixed Platforms.ActiveCfg = Release|x86
		{EFC598CF-8B28-45A5-86C8-8F10C2DAC341}.Release|Mixed Platforms.Build.0 = Release|x86
		{EFC598CF-8B28-45A5-86C8-8F10C2DAC341}.Release|x86.ActiveCfg = Release|x86
		{EFC598CF-8B28-45A5-86C8-8F10C2DAC341}.Release|x86.Build.0 = Release|x86
		{F4F9152E-4299-470A-8744-F890EE7D777C}.Debug|Any CPU.ActiveCfg = Debug|x86
		{F4F9152E-4299-470A-8744-F890EE7D777C}.Debug|Mixed Platforms.ActiveCfg = Debug|x86
		{F4F9152E-4299-470A-8744-F890EE7D777C}.Debug|Mixed Platforms.Build.0 = Debug|x86
		{F4F9152E-4299-470A-8744-F890EE7D777C}.Debug|x86.ActiveCfg = Debug|x86
		{F4F9152E-4299-470A-8744-F890EE7D777C}.Debug|x86.Build.0 = Debug|x86
		{F4F9152E-4299-470A-8744-F890EE7D777C}.Release|Any CPU.ActiveCfg = Release|x86
		{F4F9152E-4299-470A-8744-F890EE7D777C}.Release|Mixed Platforms.ActiveCfg = Release|x86
		{F4F9152E-4299-470A-8744-F890EE7D777C}.Release|Mixed Platforms.Build.0 = Release|x86
		{F4F9152E-4299-470A-8744-F890EE7D777C}.Release|x86.ActiveCfg = Release|x86
		{F4F9152E-4299-470A-8744-F890EE7D777C}.Release|x86.Build.0 = Release|x86
		{7AA8F774-5DD5-4DD4-99FA-9411C5705EE9}.Debug|Any CPU.ActiveCfg = Debug|x86
		{7AA8F774-5DD5-4DD4-99FA-9411C5705EE9}.Debug|Mixed Platforms.ActiveCfg = Debug|x86
		{7AA8F774-5DD5-4DD4-99FA-9411C5705EE9}.Debug|Mixed Platforms.Build.0 = Debug|x86
		{7AA8F774-5DD5-4DD4-99FA-9411C5705EE9}.Debug|x86.ActiveCfg = Debug|x86
		{7AA8F774-5DD5-4DD4-99FA-9411C5705EE9}.Debug|x86.Build.0 = Debug|x86
		{7AA8F774-5DD5-4DD4-99FA-9411C5705EE9}.Release|Any CPU.ActiveCfg = Release|x86
		{7AA8F774-5DD5-4DD4-99FA-9411C5705EE9}.Release|Mixed Platforms.ActiveCfg = Release|x86
		{7AA8F774-5DD5-4DD4-99FA-9411C5705EE9}.Release|Mixed Platforms.Build.0 = Release|x86
		{7AA8F774-5DD5-4DD4-99FA-9411C5705EE9}.Release|x86.ActiveCfg = Release|x86
		{7AA8F774-5DD5-4DD4-99FA-9411C5705EE9}.Release|x86.Build.0 = Release|x86
		{5CF226DF-73D4-4173-BD09-3EC4732579F9}.Debug|Any CPU.ActiveCfg = Debug|x86
		{5CF226DF-73D4-4173-BD09-3EC4732579F9}.Debug|Mixed Platforms.ActiveCfg = Debug|x86
		{5CF226DF-73D4-4173-BD09-3EC4732579F9}.Debug|Mixed Platforms.Build.0 = Debug|x86
		{5CF226DF-73D4-4173-BD09-3EC4732579F9}.Debug|x86.ActiveCfg = Debug|x86
		{5CF226DF-73D4-4173-BD09-3EC4732579F9}.Debug|x86.Build.0 = Debug|x86
		{5CF226DF-73D4-4173-BD09-3EC4732579F9}.Release|Any CPU.ActiveCfg = Release|x86
		{5CF226DF-73D4-4173-BD09-3EC4732579F9}.Release|Mixed Platforms.ActiveCfg = Release|x86
		{5CF226DF-73D4-4173-BD09-3EC4732579F9}.Release|Mixed Platforms.Build.0 = Release|x86
		{5CF226DF-73D4-4173-BD09-3EC4732579F9}.Release|x86.ActiveCfg = Release|x86
		{5CF226DF-73D4-4173-BD09-3EC4732579F9}.Release|x86.Build.0 = Release|x86
		{472866E7-BE86-45D2-8503-3A1D1F475782}.Debug|Any CPU.ActiveCfg = Debug|x86
		{472866E7-BE86-45D2-8503-3A1D1F475782}.Debug|Mixed Platforms.ActiveCfg = Debug|x86
		{472866E7-BE86-45D2-8503-3A1D1F475782}.Debug|Mixed Platforms.Build.0 = Debug|x86
		{472866E7-BE86-45D2-8503-3A1D1F475782}.Debug|x86.ActiveCfg = Debug|x86
		{472866E7-BE86-45D2-8503-3A1D1F475782}.Debug|x86.Build.0 = Debug|x86
		{472866E7-BE86-45D2-8503-3A1D1F475782}.Release|Any CPU.ActiveCfg = Release|x86
		{472866E7-BE86-45D2-8503-3A1D1F475782}.Release|Mixed Platforms.ActiveCfg = Release|x86
		{472866E7-BE86-45D2-8503-3A1D1F475782}.Release|Mixed Platforms.Build.0 = Release|x86
		{472866E7-BE86-45D2-8503-3A1D1F475782}.Release|x86.ActiveCfg = Release|x86
		{472866E7-BE86-45D2-8503-3A1D1F475782}.Release|x86.Build.0 = Release|x86
		{0A07F807-26DC-4057-81B1-0878C1672054}.Debug|Any CPU.ActiveCfg = Debug|x86
		{0A07F807-26DC-4057-81B1-0878C1672054}.Debug|Mixed Platforms.ActiveCfg = Debug|x86
		{0A07F807-26DC-4057-81B1-0878C1672054}.Debug|Mixed Platforms.Build.0 = Debug|x86
		{0A07F807-26DC-4057-81B1-0878C1672054}.Debug|x86.ActiveCfg = Debug|x86
		{0A07F807-26DC-4057-81B1-0878C1672054}.Debug|x86.Build.0 = Debug|x86
		{0A07F807-26DC-4057-81B1-0878C1672054}.Release|Any CPU.ActiveCfg = Release|x86
		{0A07F807-26DC-4057-81B1-0878C1672054}.Release|Mixed Platforms.ActiveCfg = Release|x86
		{0A07F807-26DC-4057-81B1-0878C1672054}.Release|Mixed Platforms.Build.0 = Release|x86
		{0A07F807-26DC-4057-81B1-0878C1672054}.Release|x86.ActiveCfg = Release|x86
		{0A07F807-26DC-4057-81B1-0878C1672054}.Release|x86.Build.0 = Release|x86
	EndGlobalSection
	GlobalSection(SolutionProperties) = preSolution
		HideSolutionNode = FALSE
	EndGlobalSection
	GlobalSection(NestedProjects) = preSolution
		{DFB572DF-6412-460F-BA17-9C3FEDF6FD12} = {8DCE130E-B8BF-4940-A504-B29D1501ADE4}
		{23B4C880-5F87-4E9D-B310-6DC25EA170B5} = {8DCE130E-B8BF-4940-A504-B29D1501ADE4}
		{A927DC6B-87B0-412A-BEC0-FAA03F4F3F28} = {8DCE130E-B8BF-4940-A504-B29D1501ADE4}
		{3F0ECE25-BF22-4A86-8609-C28F79EE37C1} = {1D370001-385F-4908-AF13-A98082764118}
		{AD492499-461F-4117-A495-302089AD7B87} = {B5169681-0A1A-47CE-8103-32A5702B5BF4}
		{7092D42D-17D1-432C-950C-FF848FA149A7} = {5D398377-B7DE-42F5-B377-9AE418580E56}
		{77EF6D1D-F45B-48B4-8FDD-CA004C4A12F4} = {5D398377-B7DE-42F5-B377-9AE418580E56}
		{93DE3A0B-F34F-45DF-8A0D-EAA198C34662} = {5D398377-B7DE-42F5-B377-9AE418580E56}
		{DE07C975-94AF-497E-9BF8-E92116FECAA2} = {5D398377-B7DE-42F5-B377-9AE418580E56}
		{55E3B7EE-D63A-4DFF-92F7-4A937D139E04} = {1D370001-385F-4908-AF13-A98082764118}
		{77C9CC5E-AF26-411D-9413-0BF7E827EBA9} = {FDE55A47-7E08-41A2-A05E-86048F913703}
		{43363F0D-C89A-4EDF-8644-BC5B798A22FC} = {FDE55A47-7E08-41A2-A05E-86048F913703}
		{08303449-9F05-40AF-8E03-3E61FE585EBA} = {0DADF4F9-BC60-44C0-9DBE-01695940B394}
		{E7FB7092-EF47-4CB6-BAB1-1F36326FE06A} = {FDE55A47-7E08-41A2-A05E-86048F913703}
		{C6A4DF4F-9F73-4BF3-98B7-07BB385DAA1A} = {FDE55A47-7E08-41A2-A05E-86048F913703}
		{923639FF-DBB2-411F-9611-A295B2C71B54} = {FDE55A47-7E08-41A2-A05E-86048F913703}
		{34CCCA63-770B-4369-879A-79BECCB2A312} = {0DADF4F9-BC60-44C0-9DBE-01695940B394}
		{28D996A4-24EB-4314-AE9C-27452FA87D26} = {0DADF4F9-BC60-44C0-9DBE-01695940B394}
		{2F06E543-DC6D-4A88-92E9-D44D2853F65E} = {FDE55A47-7E08-41A2-A05E-86048F913703}
		{8704FCFB-0913-4669-A82C-EC68D8A3BE03} = {FDE55A47-7E08-41A2-A05E-86048F913703}
		{E4D17481-1DD0-4C3E-B51B-64C8B47A3521} = {0DADF4F9-BC60-44C0-9DBE-01695940B394}
		{400DC1EB-BCFF-4601-AAAB-0C1764A46788} = {FDE55A47-7E08-41A2-A05E-86048F913703}
		{DE59333B-55FE-4FD1-A279-1C00E832E02E} = {FDE55A47-7E08-41A2-A05E-86048F913703}
		{99189341-83BC-42ED-99A1-AA2E3071CDF4} = {0DADF4F9-BC60-44C0-9DBE-01695940B394}
		{2C2D256D-2353-409A-A0BD-BCC147E18694} = {5D398377-B7DE-42F5-B377-9AE418580E56}
		{03915831-23B5-462A-A144-49662864AE34} = {5D398377-B7DE-42F5-B377-9AE418580E56}
		{57DDD930-5377-4427-92F1-D46B7463C5B6} = {B5169681-0A1A-47CE-8103-32A5702B5BF4}
		{B6148420-3A2B-4113-8568-60E4D50A0DB7} = {1D370001-385F-4908-AF13-A98082764118}
		{EF38EEF8-02A4-4E7B-AC4C-09294F4AE5FA} = {0DADF4F9-BC60-44C0-9DBE-01695940B394}
		{EFC598CF-8B28-45A5-86C8-8F10C2DAC341} = {0DADF4F9-BC60-44C0-9DBE-01695940B394}
		{F4F9152E-4299-470A-8744-F890EE7D777C} = {0DADF4F9-BC60-44C0-9DBE-01695940B394}
		{7AA8F774-5DD5-4DD4-99FA-9411C5705EE9} = {0DADF4F9-BC60-44C0-9DBE-01695940B394}
		{5CF226DF-73D4-4173-BD09-3EC4732579F9} = {0DADF4F9-BC60-44C0-9DBE-01695940B394}
		{472866E7-BE86-45D2-8503-3A1D1F475782} = {0DADF4F9-BC60-44C0-9DBE-01695940B394}
		{0A07F807-26DC-4057-81B1-0878C1672054} = {0DADF4F9-BC60-44C0-9DBE-01695940B394}
	EndGlobalSection
EndGlobal
